
Microsoft Visual Studio Solution File, Format Version 12.00
# Visual Studio Version 17
VisualStudioVersion = 17.8.34330.188
MinimumVisualStudioVersion = 10.0.40219.1
Project("{FAE04EC0-301F-11D3-BF4B-00C04F79EFBC}") = "Assignment5", "Assignment5\Assignment5.csproj", "{EF3F56FF-A72A-4197-9BB6-C2C005E9E613}"
EndProject
Global
	GlobalSection(SolutionConfigurationPlatforms) = preSolution
		Debug|Any CPU = Debug|Any CPU
		Release|Any CPU = Release|Any CPU
	EndGlobalSection
	GlobalSection(ProjectConfigurationPlatforms) = postSolution
		{EF3F56FF-A72A-4197-9BB6-C2C005E9E613}.Debug|Any CPU.ActiveCfg = Debug|Any CPU
		{EF3F56FF-A72A-4197-9BB6-C2C005E9E613}.Debug|Any CPU.Build.0 = Debug|Any CPU
		{EF3F56FF-A72A-4197-9BB6-C2C005E9E613}.Release|Any CPU.ActiveCfg = Release|Any CPU
		{EF3F56FF-A72A-4197-9BB6-C2C005E9E613}.Release|Any CPU.Build.0 = Release|Any CPU
	EndGlobalSection
	GlobalSection(SolutionProperties) = preSolution
		HideSolutionNode = FALSE
	EndGlobalSection
	GlobalSection(ExtensibilityGlobals) = postSolution
		SolutionGuid = {F8F34C85-802B-4677-B684-5D7B0E6866D6}
	EndGlobalSection
EndGlobal
